
Microsoft Visual Studio Solution File, Format Version 12.00
# Visual Studio Version 17
VisualStudioVersion = 17.4.33122.133
MinimumVisualStudioVersion = 10.0.40219.1
Project("{FAE04EC0-301F-11D3-BF4B-00C04F79EFBC}") = "MDAO-Voter-Backend", "MDAO-Voter-Backend\MDAO-Voter-Backend.csproj", "{32A20475-6A8D-4B7B-9597-4BCAC9E4568E}"
EndProject
Global
	GlobalSection(SolutionConfigurationPlatforms) = preSolution
		Debug|Any CPU = Debug|Any CPU
		Release|Any CPU = Release|Any CPU
	EndGlobalSection
	GlobalSection(ProjectConfigurationPlatforms) = postSolution
		{32A20475-6A8D-4B7B-9597-4BCAC9E4568E}.Debug|Any CPU.ActiveCfg = Debug|Any CPU
		{32A20475-6A8D-4B7B-9597-4BCAC9E4568E}.Debug|Any CPU.Build.0 = Debug|Any CPU
		{32A20475-6A8D-4B7B-9597-4BCAC9E4568E}.Release|Any CPU.ActiveCfg = Release|Any CPU
		{32A20475-6A8D-4B7B-9597-4BCAC9E4568E}.Release|Any CPU.Build.0 = Release|Any CPU
	EndGlobalSection
	GlobalSection(SolutionProperties) = preSolution
		HideSolutionNode = FALSE
	EndGlobalSection
	GlobalSection(ExtensibilityGlobals) = postSolution
		SolutionGuid = {2D1E6CA7-DAB1-4FEE-A0D9-563CCE648435}
	EndGlobalSection
EndGlobal
